
Microsoft Visual Studio Solution File, Format Version 12.00
# Visual Studio 15
Project("{FAE04EC0-301F-11D3-BF4B-00C04F79EFBC}") = "UnityEngine.UI", "UnityEngine.UI.csproj", "{9185D605-CBC0-7DF8-B9C3-9B7CD58D86C8}"
EndProject
Project("{FAE04EC0-301F-11D3-BF4B-00C04F79EFBC}") = "UnityEngine.TestRunner", "UnityEngine.TestRunner.csproj", "{4653AFEC-4591-5A3E-83C6-075454729519}"
EndProject
Project("{FAE04EC0-301F-11D3-BF4B-00C04F79EFBC}") = "Unity.Mathematics", "Unity.Mathematics.csproj", "{15C01635-0E7A-1C0F-E331-8F2EF5ECFC7E}"
EndProject
Project("{FAE04EC0-301F-11D3-BF4B-00C04F79EFBC}") = "Unity.InputSystem", "Unity.InputSystem.csproj", "{1979ABD8-1C45-A432-6445-C7F7E0DC8EA8}"
EndProject
Project("{FAE04EC0-301F-11D3-BF4B-00C04F79EFBC}") = "Unity.2D.Animation.Triangle.Runtime", "Unity.2D.Animation.Triangle.Runtime.csproj", "{9154DD79-8941-3AAF-1857-2126685376DF}"
EndProject
Project("{FAE04EC0-301F-11D3-BF4B-00C04F79EFBC}") = "Unity.Timeline", "Unity.Timeline.csproj", "{14AF6E45-685F-718C-687A-09B82EA0B65E}"
EndProject
Project("{FAE04EC0-301F-11D3-BF4B-00C04F79EFBC}") = "Unity.TextMeshPro", "Unity.TextMeshPro.csproj", "{84607380-0FA0-E1EC-193E-877E08A1F7F5}"
EndProject
Project("{FAE04EC0-301F-11D3-BF4B-00C04F79EFBC}") = "Unity.2D.Animation.Runtime", "Unity.2D.Animation.Runtime.csproj", "{0CE4DD75-F724-C553-6CC5-CA31D5025F08}"
EndProject
Project("{FAE04EC0-301F-11D3-BF4B-00C04F79EFBC}") = "Unity.2D.IK.Runtime", "Unity.2D.IK.Runtime.csproj", "{7C667211-E7BA-4651-A2A6-80EDA0038505}"
EndProject
Project("{FAE04EC0-301F-11D3-BF4B-00C04F79EFBC}") = "Unity.2D.SpriteShape.Runtime", "Unity.2D.SpriteShape.Runtime.csproj", "{38E06559-417A-2AF2-3912-330FA28D4301}"
EndProject
Project("{FAE04EC0-301F-11D3-BF4B-00C04F79EFBC}") = "Assembly-CSharp", "Assembly-CSharp.csproj", "{F8457412-17B0-492B-7F99-FE372AC126B7}"
EndProject
Project("{FAE04EC0-301F-11D3-BF4B-00C04F79EFBC}") = "Unity.2D.PixelPerfect", "Unity.2D.PixelPerfect.csproj", "{22FB5FB3-8C1C-DB02-94B3-A2561120E1BD}"
EndProject
Project("{FAE04EC0-301F-11D3-BF4B-00C04F79EFBC}") = "Unity.2D.Common.Runtime", "Unity.2D.Common.Runtime.csproj", "{638E0A97-D697-B13D-8A67-F8EF2F6AB3FC}"
EndProject
Project("{FAE04EC0-301F-11D3-BF4B-00C04F79EFBC}") = "Unity.InternalAPIEngineBridge.001", "Unity.InternalAPIEngineBridge.001.csproj", "{2CEE9F23-6DD6-04D2-C009-07F55DE76847}"
EndProject
Project("{FAE04EC0-301F-11D3-BF4B-00C04F79EFBC}") = "Unity.Timeline.Editor", "Unity.Timeline.Editor.csproj", "{A9E91A33-EA4B-E658-0943-9BADB18A3185}"
EndProject
Project("{FAE04EC0-301F-11D3-BF4B-00C04F79EFBC}") = "Unity.TextMeshPro.Editor", "Unity.TextMeshPro.Editor.csproj", "{C658B93C-97BD-9831-C1A5-642B3AAB8618}"
EndProject
Project("{FAE04EC0-301F-11D3-BF4B-00C04F79EFBC}") = "Unity.2D.Animation.Editor", "Unity.2D.Animation.Editor.csproj", "{B327A1EE-8AD6-D3A8-821C-B18E76D61835}"
EndProject
Project("{FAE04EC0-301F-11D3-BF4B-00C04F79EFBC}") = "UnityEditor.TestRunner", "UnityEditor.TestRunner.csproj", "{61DCFD3F-2E14-7004-1B4E-C01CE6579D0E}"
EndProject
Project("{FAE04EC0-301F-11D3-BF4B-00C04F79EFBC}") = "UnityEditor.UI", "UnityEditor.UI.csproj", "{3C9AF939-EF32-9A78-03C5-20829DE66237}"
EndProject
Project("{FAE04EC0-301F-11D3-BF4B-00C04F79EFBC}") = "Unity.VisualStudio.Editor", "Unity.VisualStudio.Editor.csproj", "{00239850-5593-17DB-5EBB-A82F44306748}"
EndProject
Project("{FAE04EC0-301F-11D3-BF4B-00C04F79EFBC}") = "Unity.2D.Psdimporter.Editor", "Unity.2D.Psdimporter.Editor.csproj", "{5E4D43AF-9F34-24E7-430E-0A224EF4855D}"
EndProject
Project("{FAE04EC0-301F-11D3-BF4B-00C04F79EFBC}") = "Unity.2D.SpriteShape.Editor", "Unity.2D.SpriteShape.Editor.csproj", "{14D3FD70-2B96-DE33-7A47-6CF126D12A90}"
EndProject
Project("{FAE04EC0-301F-11D3-BF4B-00C04F79EFBC}") = "Unity.CollabProxy.Editor", "Unity.CollabProxy.Editor.csproj", "{9CD1C2CE-0BC0-0A0F-8F38-772C89FA86AA}"
EndProject
Project("{FAE04EC0-301F-11D3-BF4B-00C04F79EFBC}") = "PsdPlugin", "PsdPlugin.csproj", "{A3033BF8-C0AD-94C9-EE0D-A76CE782469C}"
EndProject
Project("{FAE04EC0-301F-11D3-BF4B-00C04F79EFBC}") = "Unity.2D.Path.Editor", "Unity.2D.Path.Editor.csproj", "{34F6B3E6-6967-7E99-FE68-168765B8802D}"
EndProject
Project("{FAE04EC0-301F-11D3-BF4B-00C04F79EFBC}") = "Unity.Rider.Editor", "Unity.Rider.Editor.csproj", "{644EC4BA-E0ED-DE54-16CA-02E218E40BEC}"
EndProject
Project("{FAE04EC0-301F-11D3-BF4B-00C04F79EFBC}") = "Unity.2D.IK.Editor", "Unity.2D.IK.Editor.csproj", "{537A9432-9120-183F-7252-6E80D8B69551}"
EndProject
Project("{FAE04EC0-301F-11D3-BF4B-00C04F79EFBC}") = "Unity.2D.Sprite.Editor", "Unity.2D.Sprite.Editor.csproj", "{5AE87590-86BE-4185-67AF-FD976EC202B5}"
EndProject
Project("{FAE04EC0-301F-11D3-BF4B-00C04F79EFBC}") = "Unity.2D.Tilemap.Editor", "Unity.2D.Tilemap.Editor.csproj", "{8E54E25C-B0AB-74D2-4488-D59B8C6438A6}"
EndProject
Project("{FAE04EC0-301F-11D3-BF4B-00C04F79EFBC}") = "Unity.2D.PixelPerfect.Editor", "Unity.2D.PixelPerfect.Editor.csproj", "{754A00F6-1C19-24C1-B75E-CE98E6D0994F}"
EndProject
Project("{FAE04EC0-301F-11D3-BF4B-00C04F79EFBC}") = "Unity.VSCode.Editor", "Unity.VSCode.Editor.csproj", "{4436B7C6-AC0B-4691-DF40-B767F6E557F0}"
EndProject
Project("{FAE04EC0-301F-11D3-BF4B-00C04F79EFBC}") = "Unity.2D.Common.Editor", "Unity.2D.Common.Editor.csproj", "{3AE3E2DF-AF33-A68B-D2EF-EC1F25BB5E57}"
EndProject
Project("{FAE04EC0-301F-11D3-BF4B-00C04F79EFBC}") = "Unity.Mathematics.Editor", "Unity.Mathematics.Editor.csproj", "{28EC8A49-40C1-5878-8D91-3FA0A4444135}"
EndProject
Project("{FAE04EC0-301F-11D3-BF4B-00C04F79EFBC}") = "Unity.InternalAPIEditorBridge.001", "Unity.InternalAPIEditorBridge.001.csproj", "{04F7C14B-3C53-FCC7-BA92-99E2989DD957}"
EndProject
Project("{FAE04EC0-301F-11D3-BF4B-00C04F79EFBC}") = "UnityEngine.UI", "UnityEngine.UI.Player.csproj", "{B4726818-5670-3C4D-C64A-ED2F4742E603}"
EndProject
Project("{FAE04EC0-301F-11D3-BF4B-00C04F79EFBC}") = "UnityEngine.TestRunner", "UnityEngine.TestRunner.Player.csproj", "{4520A923-7BA6-53FD-9B02-EC21680CE629}"
EndProject
Project("{FAE04EC0-301F-11D3-BF4B-00C04F79EFBC}") = "Unity.Mathematics", "Unity.Mathematics.Player.csproj", "{68CD3594-6A0F-BDAD-2651-3D7E2AE381D2}"
EndProject
Project("{FAE04EC0-301F-11D3-BF4B-00C04F79EFBC}") = "Unity.InputSystem", "Unity.InputSystem.Player.csproj", "{4BB4118A-AEFF-E949-7637-0E266F845D88}"
EndProject
Project("{FAE04EC0-301F-11D3-BF4B-00C04F79EFBC}") = "Unity.2D.Animation.Triangle.Runtime", "Unity.2D.Animation.Triangle.Runtime.Player.csproj", "{6DFDB0E7-11A9-A3AA-5241-FED2847BBE96}"
EndProject
Project("{FAE04EC0-301F-11D3-BF4B-00C04F79EFBC}") = "Unity.Timeline", "Unity.Timeline.Player.csproj", "{A4A807F1-D3DA-C4DD-27AF-8061742D5EF9}"
EndProject
Project("{FAE04EC0-301F-11D3-BF4B-00C04F79EFBC}") = "Unity.TextMeshPro", "Unity.TextMeshPro.Player.csproj", "{214A81D5-520A-2E6B-A0A3-82A049846142}"
EndProject
Project("{FAE04EC0-301F-11D3-BF4B-00C04F79EFBC}") = "Unity.2D.Animation.Runtime", "Unity.2D.Animation.Runtime.Player.csproj", "{02E9D2F0-714C-A74A-AA84-35B168C4789C}"
EndProject
Project("{FAE04EC0-301F-11D3-BF4B-00C04F79EFBC}") = "Unity.2D.IK.Runtime", "Unity.2D.IK.Runtime.Player.csproj", "{3A6BBCAF-CFB1-B592-F70B-939E1B5A4A80}"
EndProject
Project("{FAE04EC0-301F-11D3-BF4B-00C04F79EFBC}") = "Unity.2D.SpriteShape.Runtime", "Unity.2D.SpriteShape.Runtime.Player.csproj", "{CA86C5E8-6F91-9150-C118-CE7D7CEB9E5F}"
EndProject
Project("{FAE04EC0-301F-11D3-BF4B-00C04F79EFBC}") = "Assembly-CSharp", "Assembly-CSharp.Player.csproj", "{DE7EF3CD-A9A5-216B-45D1-94DF508300BF}"
EndProject
Project("{FAE04EC0-301F-11D3-BF4B-00C04F79EFBC}") = "Unity.2D.PixelPerfect", "Unity.2D.PixelPerfect.Player.csproj", "{607B49E3-7668-5033-3039-9E60F9EF1A44}"
EndProject
Project("{FAE04EC0-301F-11D3-BF4B-00C04F79EFBC}") = "Unity.2D.Common.Runtime", "Unity.2D.Common.Runtime.Player.csproj", "{D1C03712-B438-EF45-9B80-5DE2BD9FAACD}"
EndProject
Project("{FAE04EC0-301F-11D3-BF4B-00C04F79EFBC}") = "Unity.InternalAPIEngineBridge.001", "Unity.InternalAPIEngineBridge.001.Player.csproj", "{CB1B7C19-DDD9-C8BA-9D11-995DA3DD362E}"
EndProject
Global
	GlobalSection(SolutionConfigurationPlatforms) = preSolution
		Debug|Any CPU = Debug|Any CPU
		Release|Any CPU = Release|Any CPU
	EndGlobalSection
	GlobalSection(ProjectConfigurationPlatforms) = postSolution
		{9185D605-CBC0-7DF8-B9C3-9B7CD58D86C8}.Debug|Any CPU.ActiveCfg = Debug|Any CPU
		{9185D605-CBC0-7DF8-B9C3-9B7CD58D86C8}.Debug|Any CPU.Build.0 = Debug|Any CPU
		{9185D605-CBC0-7DF8-B9C3-9B7CD58D86C8}.Release|Any CPU.ActiveCfg = Release|Any CPU
		{9185D605-CBC0-7DF8-B9C3-9B7CD58D86C8}.Release|Any CPU.Build.0 = Release|Any CPU
		{4653AFEC-4591-5A3E-83C6-075454729519}.Debug|Any CPU.ActiveCfg = Debug|Any CPU
		{4653AFEC-4591-5A3E-83C6-075454729519}.Debug|Any CPU.Build.0 = Debug|Any CPU
		{4653AFEC-4591-5A3E-83C6-075454729519}.Release|Any CPU.ActiveCfg = Release|Any CPU
		{4653AFEC-4591-5A3E-83C6-075454729519}.Release|Any CPU.Build.0 = Release|Any CPU
		{15C01635-0E7A-1C0F-E331-8F2EF5ECFC7E}.Debug|Any CPU.ActiveCfg = Debug|Any CPU
		{15C01635-0E7A-1C0F-E331-8F2EF5ECFC7E}.Debug|Any CPU.Build.0 = Debug|Any CPU
		{15C01635-0E7A-1C0F-E331-8F2EF5ECFC7E}.Release|Any CPU.ActiveCfg = Release|Any CPU
		{15C01635-0E7A-1C0F-E331-8F2EF5ECFC7E}.Release|Any CPU.Build.0 = Release|Any CPU
		{1979ABD8-1C45-A432-6445-C7F7E0DC8EA8}.Debug|Any CPU.ActiveCfg = Debug|Any CPU
		{1979ABD8-1C45-A432-6445-C7F7E0DC8EA8}.Debug|Any CPU.Build.0 = Debug|Any CPU
		{1979ABD8-1C45-A432-6445-C7F7E0DC8EA8}.Release|Any CPU.ActiveCfg = Release|Any CPU
		{1979ABD8-1C45-A432-6445-C7F7E0DC8EA8}.Release|Any CPU.Build.0 = Release|Any CPU
		{9154DD79-8941-3AAF-1857-2126685376DF}.Debug|Any CPU.ActiveCfg = Debug|Any CPU
		{9154DD79-8941-3AAF-1857-2126685376DF}.Debug|Any CPU.Build.0 = Debug|Any CPU
		{9154DD79-8941-3AAF-1857-2126685376DF}.Release|Any CPU.ActiveCfg = Release|Any CPU
		{9154DD79-8941-3AAF-1857-2126685376DF}.Release|Any CPU.Build.0 = Release|Any CPU
		{14AF6E45-685F-718C-687A-09B82EA0B65E}.Debug|Any CPU.ActiveCfg = Debug|Any CPU
		{14AF6E45-685F-718C-687A-09B82EA0B65E}.Debug|Any CPU.Build.0 = Debug|Any CPU
		{14AF6E45-685F-718C-687A-09B82EA0B65E}.Release|Any CPU.ActiveCfg = Release|Any CPU
		{14AF6E45-685F-718C-687A-09B82EA0B65E}.Release|Any CPU.Build.0 = Release|Any CPU
		{84607380-0FA0-E1EC-193E-877E08A1F7F5}.Debug|Any CPU.ActiveCfg = Debug|Any CPU
		{84607380-0FA0-E1EC-193E-877E08A1F7F5}.Debug|Any CPU.Build.0 = Debug|Any CPU
		{84607380-0FA0-E1EC-193E-877E08A1F7F5}.Release|Any CPU.ActiveCfg = Release|Any CPU
		{84607380-0FA0-E1EC-193E-877E08A1F7F5}.Release|Any CPU.Build.0 = Release|Any CPU
		{0CE4DD75-F724-C553-6CC5-CA31D5025F08}.Debug|Any CPU.ActiveCfg = Debug|Any CPU
		{0CE4DD75-F724-C553-6CC5-CA31D5025F08}.Debug|Any CPU.Build.0 = Debug|Any CPU
		{0CE4DD75-F724-C553-6CC5-CA31D5025F08}.Release|Any CPU.ActiveCfg = Release|Any CPU
		{0CE4DD75-F724-C553-6CC5-CA31D5025F08}.Release|Any CPU.Build.0 = Release|Any CPU
		{7C667211-E7BA-4651-A2A6-80EDA0038505}.Debug|Any CPU.ActiveCfg = Debug|Any CPU
		{7C667211-E7BA-4651-A2A6-80EDA0038505}.Debug|Any CPU.Build.0 = Debug|Any CPU
		{7C667211-E7BA-4651-A2A6-80EDA0038505}.Release|Any CPU.ActiveCfg = Release|Any CPU
		{7C667211-E7BA-4651-A2A6-80EDA0038505}.Release|Any CPU.Build.0 = Release|Any CPU
		{38E06559-417A-2AF2-3912-330FA28D4301}.Debug|Any CPU.ActiveCfg = Debug|Any CPU
		{38E06559-417A-2AF2-3912-330FA28D4301}.Debug|Any CPU.Build.0 = Debug|Any CPU
		{38E06559-417A-2AF2-3912-330FA28D4301}.Release|Any CPU.ActiveCfg = Release|Any CPU
		{38E06559-417A-2AF2-3912-330FA28D4301}.Release|Any CPU.Build.0 = Release|Any CPU
		{F8457412-17B0-492B-7F99-FE372AC126B7}.Debug|Any CPU.ActiveCfg = Debug|Any CPU
		{F8457412-17B0-492B-7F99-FE372AC126B7}.Debug|Any CPU.Build.0 = Debug|Any CPU
		{F8457412-17B0-492B-7F99-FE372AC126B7}.Release|Any CPU.ActiveCfg = Release|Any CPU
		{F8457412-17B0-492B-7F99-FE372AC126B7}.Release|Any CPU.Build.0 = Release|Any CPU
		{22FB5FB3-8C1C-DB02-94B3-A2561120E1BD}.Debug|Any CPU.ActiveCfg = Debug|Any CPU
		{22FB5FB3-8C1C-DB02-94B3-A2561120E1BD}.Debug|Any CPU.Build.0 = Debug|Any CPU
		{22FB5FB3-8C1C-DB02-94B3-A2561120E1BD}.Release|Any CPU.ActiveCfg = Release|Any CPU
		{22FB5FB3-8C1C-DB02-94B3-A2561120E1BD}.Release|Any CPU.Build.0 = Release|Any CPU
		{638E0A97-D697-B13D-8A67-F8EF2F6AB3FC}.Debug|Any CPU.ActiveCfg = Debug|Any CPU
		{638E0A97-D697-B13D-8A67-F8EF2F6AB3FC}.Debug|Any CPU.Build.0 = Debug|Any CPU
		{638E0A97-D697-B13D-8A67-F8EF2F6AB3FC}.Release|Any CPU.ActiveCfg = Release|Any CPU
		{638E0A97-D697-B13D-8A67-F8EF2F6AB3FC}.Release|Any CPU.Build.0 = Release|Any CPU
		{2CEE9F23-6DD6-04D2-C009-07F55DE76847}.Debug|Any CPU.ActiveCfg = Debug|Any CPU
		{2CEE9F23-6DD6-04D2-C009-07F55DE76847}.Debug|Any CPU.Build.0 = Debug|Any CPU
		{2CEE9F23-6DD6-04D2-C009-07F55DE76847}.Release|Any CPU.ActiveCfg = Release|Any CPU
		{2CEE9F23-6DD6-04D2-C009-07F55DE76847}.Release|Any CPU.Build.0 = Release|Any CPU
		{A9E91A33-EA4B-E658-0943-9BADB18A3185}.Debug|Any CPU.ActiveCfg = Debug|Any CPU
		{A9E91A33-EA4B-E658-0943-9BADB18A3185}.Debug|Any CPU.Build.0 = Debug|Any CPU
		{A9E91A33-EA4B-E658-0943-9BADB18A3185}.Release|Any CPU.ActiveCfg = Release|Any CPU
		{A9E91A33-EA4B-E658-0943-9BADB18A3185}.Release|Any CPU.Build.0 = Release|Any CPU
		{C658B93C-97BD-9831-C1A5-642B3AAB8618}.Debug|Any CPU.ActiveCfg = Debug|Any CPU
		{C658B93C-97BD-9831-C1A5-642B3AAB8618}.Debug|Any CPU.Build.0 = Debug|Any CPU
		{C658B93C-97BD-9831-C1A5-642B3AAB8618}.Release|Any CPU.ActiveCfg = Release|Any CPU
		{C658B93C-97BD-9831-C1A5-642B3AAB8618}.Release|Any CPU.Build.0 = Release|Any CPU
		{B327A1EE-8AD6-D3A8-821C-B18E76D61835}.Debug|Any CPU.ActiveCfg = Debug|Any CPU
		{B327A1EE-8AD6-D3A8-821C-B18E76D61835}.Debug|Any CPU.Build.0 = Debug|Any CPU
		{B327A1EE-8AD6-D3A8-821C-B18E76D61835}.Release|Any CPU.ActiveCfg = Release|Any CPU
		{B327A1EE-8AD6-D3A8-821C-B18E76D61835}.Release|Any CPU.Build.0 = Release|Any CPU
		{61DCFD3F-2E14-7004-1B4E-C01CE6579D0E}.Debug|Any CPU.ActiveCfg = Debug|Any CPU
		{61DCFD3F-2E14-7004-1B4E-C01CE6579D0E}.Debug|Any CPU.Build.0 = Debug|Any CPU
		{61DCFD3F-2E14-7004-1B4E-C01CE6579D0E}.Release|Any CPU.ActiveCfg = Release|Any CPU
		{61DCFD3F-2E14-7004-1B4E-C01CE6579D0E}.Release|Any CPU.Build.0 = Release|Any CPU
		{3C9AF939-EF32-9A78-03C5-20829DE66237}.Debug|Any CPU.ActiveCfg = Debug|Any CPU
		{3C9AF939-EF32-9A78-03C5-20829DE66237}.Debug|Any CPU.Build.0 = Debug|Any CPU
		{3C9AF939-EF32-9A78-03C5-20829DE66237}.Release|Any CPU.ActiveCfg = Release|Any CPU
		{3C9AF939-EF32-9A78-03C5-20829DE66237}.Release|Any CPU.Build.0 = Release|Any CPU
		{00239850-5593-17DB-5EBB-A82F44306748}.Debug|Any CPU.ActiveCfg = Debug|Any CPU
		{00239850-5593-17DB-5EBB-A82F44306748}.Debug|Any CPU.Build.0 = Debug|Any CPU
		{00239850-5593-17DB-5EBB-A82F44306748}.Release|Any CPU.ActiveCfg = Release|Any CPU
		{00239850-5593-17DB-5EBB-A82F44306748}.Release|Any CPU.Build.0 = Release|Any CPU
		{5E4D43AF-9F34-24E7-430E-0A224EF4855D}.Debug|Any CPU.ActiveCfg = Debug|Any CPU
		{5E4D43AF-9F34-24E7-430E-0A224EF4855D}.Debug|Any CPU.Build.0 = Debug|Any CPU
		{5E4D43AF-9F34-24E7-430E-0A224EF4855D}.Release|Any CPU.ActiveCfg = Release|Any CPU
		{5E4D43AF-9F34-24E7-430E-0A224EF4855D}.Release|Any CPU.Build.0 = Release|Any CPU
		{14D3FD70-2B96-DE33-7A47-6CF126D12A90}.Debug|Any CPU.ActiveCfg = Debug|Any CPU
		{14D3FD70-2B96-DE33-7A47-6CF126D12A90}.Debug|Any CPU.Build.0 = Debug|Any CPU
		{14D3FD70-2B96-DE33-7A47-6CF126D12A90}.Release|Any CPU.ActiveCfg = Release|Any CPU
		{14D3FD70-2B96-DE33-7A47-6CF126D12A90}.Release|Any CPU.Build.0 = Release|Any CPU
		{9CD1C2CE-0BC0-0A0F-8F38-772C89FA86AA}.Debug|Any CPU.ActiveCfg = Debug|Any CPU
		{9CD1C2CE-0BC0-0A0F-8F38-772C89FA86AA}.Debug|Any CPU.Build.0 = Debug|Any CPU
		{9CD1C2CE-0BC0-0A0F-8F38-772C89FA86AA}.Release|Any CPU.ActiveCfg = Release|Any CPU
		{9CD1C2CE-0BC0-0A0F-8F38-772C89FA86AA}.Release|Any CPU.Build.0 = Release|Any CPU
		{A3033BF8-C0AD-94C9-EE0D-A76CE782469C}.Debug|Any CPU.ActiveCfg = Debug|Any CPU
		{A3033BF8-C0AD-94C9-EE0D-A76CE782469C}.Debug|Any CPU.Build.0 = Debug|Any CPU
		{A3033BF8-C0AD-94C9-EE0D-A76CE782469C}.Release|Any CPU.ActiveCfg = Release|Any CPU
		{A3033BF8-C0AD-94C9-EE0D-A76CE782469C}.Release|Any CPU.Build.0 = Release|Any CPU
		{34F6B3E6-6967-7E99-FE68-168765B8802D}.Debug|Any CPU.ActiveCfg = Debug|Any CPU
		{34F6B3E6-6967-7E99-FE68-168765B8802D}.Debug|Any CPU.Build.0 = Debug|Any CPU
		{34F6B3E6-6967-7E99-FE68-168765B8802D}.Release|Any CPU.ActiveCfg = Release|Any CPU
		{34F6B3E6-6967-7E99-FE68-168765B8802D}.Release|Any CPU.Build.0 = Release|Any CPU
		{644EC4BA-E0ED-DE54-16CA-02E218E40BEC}.Debug|Any CPU.ActiveCfg = Debug|Any CPU
		{644EC4BA-E0ED-DE54-16CA-02E218E40BEC}.Debug|Any CPU.Build.0 = Debug|Any CPU
		{644EC4BA-E0ED-DE54-16CA-02E218E40BEC}.Release|Any CPU.ActiveCfg = Release|Any CPU
		{644EC4BA-E0ED-DE54-16CA-02E218E40BEC}.Release|Any CPU.Build.0 = Release|Any CPU
		{537A9432-9120-183F-7252-6E80D8B69551}.Debug|Any CPU.ActiveCfg = Debug|Any CPU
		{537A9432-9120-183F-7252-6E80D8B69551}.Debug|Any CPU.Build.0 = Debug|Any CPU
		{537A9432-9120-183F-7252-6E80D8B69551}.Release|Any CPU.ActiveCfg = Release|Any CPU
		{537A9432-9120-183F-7252-6E80D8B69551}.Release|Any CPU.Build.0 = Release|Any CPU
		{5AE87590-86BE-4185-67AF-FD976EC202B5}.Debug|Any CPU.ActiveCfg = Debug|Any CPU
		{5AE87590-86BE-4185-67AF-FD976EC202B5}.Debug|Any CPU.Build.0 = Debug|Any CPU
		{5AE87590-86BE-4185-67AF-FD976EC202B5}.Release|Any CPU.ActiveCfg = Release|Any CPU
		{5AE87590-86BE-4185-67AF-FD976EC202B5}.Release|Any CPU.Build.0 = Release|Any CPU
		{8E54E25C-B0AB-74D2-4488-D59B8C6438A6}.Debug|Any CPU.ActiveCfg = Debug|Any CPU
		{8E54E25C-B0AB-74D2-4488-D59B8C6438A6}.Debug|Any CPU.Build.0 = Debug|Any CPU
		{8E54E25C-B0AB-74D2-4488-D59B8C6438A6}.Release|Any CPU.ActiveCfg = Release|Any CPU
		{8E54E25C-B0AB-74D2-4488-D59B8C6438A6}.Release|Any CPU.Build.0 = Release|Any CPU
		{754A00F6-1C19-24C1-B75E-CE98E6D0994F}.Debug|Any CPU.ActiveCfg = Debug|Any CPU
		{754A00F6-1C19-24C1-B75E-CE98E6D0994F}.Debug|Any CPU.Build.0 = Debug|Any CPU
		{754A00F6-1C19-24C1-B75E-CE98E6D0994F}.Release|Any CPU.ActiveCfg = Release|Any CPU
		{754A00F6-1C19-24C1-B75E-CE98E6D0994F}.Release|Any CPU.Build.0 = Release|Any CPU
		{4436B7C6-AC0B-4691-DF40-B767F6E557F0}.Debug|Any CPU.ActiveCfg = Debug|Any CPU
		{4436B7C6-AC0B-4691-DF40-B767F6E557F0}.Debug|Any CPU.Build.0 = Debug|Any CPU
		{4436B7C6-AC0B-4691-DF40-B767F6E557F0}.Release|Any CPU.ActiveCfg = Release|Any CPU
		{4436B7C6-AC0B-4691-DF40-B767F6E557F0}.Release|Any CPU.Build.0 = Release|Any CPU
		{3AE3E2DF-AF33-A68B-D2EF-EC1F25BB5E57}.Debug|Any CPU.ActiveCfg = Debug|Any CPU
		{3AE3E2DF-AF33-A68B-D2EF-EC1F25BB5E57}.Debug|Any CPU.Build.0 = Debug|Any CPU
		{3AE3E2DF-AF33-A68B-D2EF-EC1F25BB5E57}.Release|Any CPU.ActiveCfg = Release|Any CPU
		{3AE3E2DF-AF33-A68B-D2EF-EC1F25BB5E57}.Release|Any CPU.Build.0 = Release|Any CPU
		{28EC8A49-40C1-5878-8D91-3FA0A4444135}.Debug|Any CPU.ActiveCfg = Debug|Any CPU
		{28EC8A49-40C1-5878-8D91-3FA0A4444135}.Debug|Any CPU.Build.0 = Debug|Any CPU
		{28EC8A49-40C1-5878-8D91-3FA0A4444135}.Release|Any CPU.ActiveCfg = Release|Any CPU
		{28EC8A49-40C1-5878-8D91-3FA0A4444135}.Release|Any CPU.Build.0 = Release|Any CPU
		{04F7C14B-3C53-FCC7-BA92-99E2989DD957}.Debug|Any CPU.ActiveCfg = Debug|Any CPU
		{04F7C14B-3C53-FCC7-BA92-99E2989DD957}.Debug|Any CPU.Build.0 = Debug|Any CPU
		{04F7C14B-3C53-FCC7-BA92-99E2989DD957}.Release|Any CPU.ActiveCfg = Release|Any CPU
		{04F7C14B-3C53-FCC7-BA92-99E2989DD957}.Release|Any CPU.Build.0 = Release|Any CPU
		{B4726818-5670-3C4D-C64A-ED2F4742E603}.Debug|Any CPU.ActiveCfg = Debug|Any CPU
		{B4726818-5670-3C4D-C64A-ED2F4742E603}.Debug|Any CPU.Build.0 = Debug|Any CPU
		{B4726818-5670-3C4D-C64A-ED2F4742E603}.Release|Any CPU.ActiveCfg = Release|Any CPU
		{B4726818-5670-3C4D-C64A-ED2F4742E603}.Release|Any CPU.Build.0 = Release|Any CPU
		{4520A923-7BA6-53FD-9B02-EC21680CE629}.Debug|Any CPU.ActiveCfg = Debug|Any CPU
		{4520A923-7BA6-53FD-9B02-EC21680CE629}.Debug|Any CPU.Build.0 = Debug|Any CPU
		{4520A923-7BA6-53FD-9B02-EC21680CE629}.Release|Any CPU.ActiveCfg = Release|Any CPU
		{4520A923-7BA6-53FD-9B02-EC21680CE629}.Release|Any CPU.Build.0 = Release|Any CPU
		{68CD3594-6A0F-BDAD-2651-3D7E2AE381D2}.Debug|Any CPU.ActiveCfg = Debug|Any CPU
		{68CD3594-6A0F-BDAD-2651-3D7E2AE381D2}.Debug|Any CPU.Build.0 = Debug|Any CPU
		{68CD3594-6A0F-BDAD-2651-3D7E2AE381D2}.Release|Any CPU.ActiveCfg = Release|Any CPU
		{68CD3594-6A0F-BDAD-2651-3D7E2AE381D2}.Release|Any CPU.Build.0 = Release|Any CPU
		{4BB4118A-AEFF-E949-7637-0E266F845D88}.Debug|Any CPU.ActiveCfg = Debug|Any CPU
		{4BB4118A-AEFF-E949-7637-0E266F845D88}.Debug|Any CPU.Build.0 = Debug|Any CPU
		{4BB4118A-AEFF-E949-7637-0E266F845D88}.Release|Any CPU.ActiveCfg = Release|Any CPU
		{4BB4118A-AEFF-E949-7637-0E266F845D88}.Release|Any CPU.Build.0 = Release|Any CPU
		{6DFDB0E7-11A9-A3AA-5241-FED2847BBE96}.Debug|Any CPU.ActiveCfg = Debug|Any CPU
		{6DFDB0E7-11A9-A3AA-5241-FED2847BBE96}.Debug|Any CPU.Build.0 = Debug|Any CPU
		{6DFDB0E7-11A9-A3AA-5241-FED2847BBE96}.Release|Any CPU.ActiveCfg = Release|Any CPU
		{6DFDB0E7-11A9-A3AA-5241-FED2847BBE96}.Release|Any CPU.Build.0 = Release|Any CPU
		{A4A807F1-D3DA-C4DD-27AF-8061742D5EF9}.Debug|Any CPU.ActiveCfg = Debug|Any CPU
		{A4A807F1-D3DA-C4DD-27AF-8061742D5EF9}.Debug|Any CPU.Build.0 = Debug|Any CPU
		{A4A807F1-D3DA-C4DD-27AF-8061742D5EF9}.Release|Any CPU.ActiveCfg = Release|Any CPU
		{A4A807F1-D3DA-C4DD-27AF-8061742D5EF9}.Release|Any CPU.Build.0 = Release|Any CPU
		{214A81D5-520A-2E6B-A0A3-82A049846142}.Debug|Any CPU.ActiveCfg = Debug|Any CPU
		{214A81D5-520A-2E6B-A0A3-82A049846142}.Debug|Any CPU.Build.0 = Debug|Any CPU
		{214A81D5-520A-2E6B-A0A3-82A049846142}.Release|Any CPU.ActiveCfg = Release|Any CPU
		{214A81D5-520A-2E6B-A0A3-82A049846142}.Release|Any CPU.Build.0 = Release|Any CPU
		{02E9D2F0-714C-A74A-AA84-35B168C4789C}.Debug|Any CPU.ActiveCfg = Debug|Any CPU
		{02E9D2F0-714C-A74A-AA84-35B168C4789C}.Debug|Any CPU.Build.0 = Debug|Any CPU
		{02E9D2F0-714C-A74A-AA84-35B168C4789C}.Release|Any CPU.ActiveCfg = Release|Any CPU
		{02E9D2F0-714C-A74A-AA84-35B168C4789C}.Release|Any CPU.Build.0 = Release|Any CPU
		{3A6BBCAF-CFB1-B592-F70B-939E1B5A4A80}.Debug|Any CPU.ActiveCfg = Debug|Any CPU
		{3A6BBCAF-CFB1-B592-F70B-939E1B5A4A80}.Debug|Any CPU.Build.0 = Debug|Any CPU
		{3A6BBCAF-CFB1-B592-F70B-939E1B5A4A80}.Release|Any CPU.ActiveCfg = Release|Any CPU
		{3A6BBCAF-CFB1-B592-F70B-939E1B5A4A80}.Release|Any CPU.Build.0 = Release|Any CPU
		{CA86C5E8-6F91-9150-C118-CE7D7CEB9E5F}.Debug|Any CPU.ActiveCfg = Debug|Any CPU
		{CA86C5E8-6F91-9150-C118-CE7D7CEB9E5F}.Debug|Any CPU.Build.0 = Debug|Any CPU
		{CA86C5E8-6F91-9150-C118-CE7D7CEB9E5F}.Release|Any CPU.ActiveCfg = Release|Any CPU
		{CA86C5E8-6F91-9150-C118-CE7D7CEB9E5F}.Release|Any CPU.Build.0 = Release|Any CPU
		{DE7EF3CD-A9A5-216B-45D1-94DF508300BF}.Debug|Any CPU.ActiveCfg = Debug|Any CPU
		{DE7EF3CD-A9A5-216B-45D1-94DF508300BF}.Debug|Any CPU.Build.0 = Debug|Any CPU
		{DE7EF3CD-A9A5-216B-45D1-94DF508300BF}.Release|Any CPU.ActiveCfg = Release|Any CPU
		{DE7EF3CD-A9A5-216B-45D1-94DF508300BF}.Release|Any CPU.Build.0 = Release|Any CPU
		{607B49E3-7668-5033-3039-9E60F9EF1A44}.Debug|Any CPU.ActiveCfg = Debug|Any CPU
		{607B49E3-7668-5033-3039-9E60F9EF1A44}.Debug|Any CPU.Build.0 = Debug|Any CPU
		{607B49E3-7668-5033-3039-9E60F9EF1A44}.Release|Any CPU.ActiveCfg = Release|Any CPU
		{607B49E3-7668-5033-3039-9E60F9EF1A44}.Release|Any CPU.Build.0 = Release|Any CPU
		{D1C03712-B438-EF45-9B80-5DE2BD9FAACD}.Debug|Any CPU.ActiveCfg = Debug|Any CPU
		{D1C03712-B438-EF45-9B80-5DE2BD9FAACD}.Debug|Any CPU.Build.0 = Debug|Any CPU
		{D1C03712-B438-EF45-9B80-5DE2BD9FAACD}.Release|Any CPU.ActiveCfg = Release|Any CPU
		{D1C03712-B438-EF45-9B80-5DE2BD9FAACD}.Release|Any CPU.Build.0 = Release|Any CPU
		{CB1B7C19-DDD9-C8BA-9D11-995DA3DD362E}.Debug|Any CPU.ActiveCfg = Debug|Any CPU
		{CB1B7C19-DDD9-C8BA-9D11-995DA3DD362E}.Debug|Any CPU.Build.0 = Debug|Any CPU
		{CB1B7C19-DDD9-C8BA-9D11-995DA3DD362E}.Release|Any CPU.ActiveCfg = Release|Any CPU
		{CB1B7C19-DDD9-C8BA-9D11-995DA3DD362E}.Release|Any CPU.Build.0 = Release|Any CPU
	EndGlobalSection
	GlobalSection(SolutionProperties) = preSolution
		HideSolutionNode = FALSE
	EndGlobalSection
EndGlobal
